
Microsoft Visual Studio Solution File, Format Version 12.00
# Visual Studio Version 17
VisualStudioVersion = 17.1.32421.90
MinimumVisualStudioVersion = 10.0.40219.1
Project("{FAE04EC0-301F-11D3-BF4B-00C04F79EFBC}") = "PersonWeb", "PersonWeb\PersonWeb.csproj", "{9F452107-AB69-49C7-910D-C369BB25BC54}"
EndProject
Project("{FAE04EC0-301F-11D3-BF4B-00C04F79EFBC}") = "PeronaWebTests", "PeronaWebTests\PeronaWebTests.csproj", "{5FE2E5CB-9E96-4828-B5F3-EDD3F5235597}"
EndProject
Global
	GlobalSection(SolutionConfigurationPlatforms) = preSolution
		Debug|Any CPU = Debug|Any CPU
		Release|Any CPU = Release|Any CPU
	EndGlobalSection
	GlobalSection(ProjectConfigurationPlatforms) = postSolution
		{9F452107-AB69-49C7-910D-C369BB25BC54}.Debug|Any CPU.ActiveCfg = Debug|Any CPU
		{9F452107-AB69-49C7-910D-C369BB25BC54}.Debug|Any CPU.Build.0 = Debug|Any CPU
		{9F452107-AB69-49C7-910D-C369BB25BC54}.Release|Any CPU.ActiveCfg = Release|Any CPU
		{9F452107-AB69-49C7-910D-C369BB25BC54}.Release|Any CPU.Build.0 = Release|Any CPU
		{5FE2E5CB-9E96-4828-B5F3-EDD3F5235597}.Debug|Any CPU.ActiveCfg = Debug|Any CPU
		{5FE2E5CB-9E96-4828-B5F3-EDD3F5235597}.Debug|Any CPU.Build.0 = Debug|Any CPU
		{5FE2E5CB-9E96-4828-B5F3-EDD3F5235597}.Release|Any CPU.ActiveCfg = Release|Any CPU
		{5FE2E5CB-9E96-4828-B5F3-EDD3F5235597}.Release|Any CPU.Build.0 = Release|Any CPU
	EndGlobalSection
	GlobalSection(SolutionProperties) = preSolution
		HideSolutionNode = FALSE
	EndGlobalSection
	GlobalSection(ExtensibilityGlobals) = postSolution
		SolutionGuid = {D0C228A1-CB37-44EE-87F9-B8293A4ED552}
	EndGlobalSection
EndGlobal
